// !$*UTF8*$!
{
	archiveVersion = 1;
	classes = {
	};
	objectVersion = 56;
	objects = {

/* Begin PBXBuildFile section */
		490E23042B25978D007B72E3 /* LivingMate_iosApp.swift in Sources */ = {isa = PBXBuildFile; fileRef = 490E23032B25978D007B72E3 /* LivingMate_iosApp.swift */; };
		490E23062B25978D007B72E3 /* Persistence.swift in Sources */ = {isa = PBXBuildFile; fileRef = 490E23052B25978D007B72E3 /* Persistence.swift */; };
		490E23092B25978D007B72E3 /* LivingMate_ios.xcdatamodeld in Sources */ = {isa = PBXBuildFile; fileRef = 490E23072B25978D007B72E3 /* LivingMate_ios.xcdatamodeld */; };
		490E230B2B25978D007B72E3 /* ContentView.swift in Sources */ = {isa = PBXBuildFile; fileRef = 490E230A2B25978D007B72E3 /* ContentView.swift */; };
		490E230D2B25978E007B72E3 /* Assets.xcassets in Resources */ = {isa = PBXBuildFile; fileRef = 490E230C2B25978E007B72E3 /* Assets.xcassets */; };
		490E23112B25978E007B72E3 /* Preview Assets.xcassets in Resources */ = {isa = PBXBuildFile; fileRef = 490E23102B25978E007B72E3 /* Preview Assets.xcassets */; };
		490E231C2B25978E007B72E3 /* LivingMate_iosTests.swift in Sources */ = {isa = PBXBuildFile; fileRef = 490E231B2B25978E007B72E3 /* LivingMate_iosTests.swift */; };
		490E23262B25978E007B72E3 /* LivingMate_iosUITests.swift in Sources */ = {isa = PBXBuildFile; fileRef = 490E23252B25978E007B72E3 /* LivingMate_iosUITests.swift */; };
		490E23282B25978E007B72E3 /* LivingMate_iosUITestsLaunchTests.swift in Sources */ = {isa = PBXBuildFile; fileRef = 490E23272B25978E007B72E3 /* LivingMate_iosUITestsLaunchTests.swift */; };
/* End PBXBuildFile section */

/* Begin PBXContainerItemProxy section */
		490E23182B25978E007B72E3 /* PBXContainerItemProxy */ = {
			isa = PBXContainerItemProxy;
			containerPortal = 490E22F82B25978D007B72E3 /* Project object */;
			proxyType = 1;
			remoteGlobalIDString = 490E22FF2B25978D007B72E3;
			remoteInfo = "LivingMate-ios";
		};
		490E23222B25978E007B72E3 /* PBXContainerItemProxy */ = {
			isa = PBXContainerItemProxy;
			containerPortal = 490E22F82B25978D007B72E3 /* Project object */;
			proxyType = 1;
			remoteGlobalIDString = 490E22FF2B25978D007B72E3;
			remoteInfo = "LivingMate-ios";
		};
/* End PBXContainerItemProxy section */

/* Begin PBXFileReference section */
		490E23002B25978D007B72E3 /* LivingMate-ios.app */ = {isa = PBXFileReference; explicitFileType = wrapper.application; includeInIndex = 0; path = "LivingMate-ios.app"; sourceTree = BUILT_PRODUCTS_DIR; };
		490E23032B25978D007B72E3 /* LivingMate_iosApp.swift */ = {isa = PBXFileReference; lastKnownFileType = sourcecode.swift; path = LivingMate_iosApp.swift; sourceTree = "<group>"; };
		490E23052B25978D007B72E3 /* Persistence.swift */ = {isa = PBXFileReference; lastKnownFileType = sourcecode.swift; path = Persistence.swift; sourceTree = "<group>"; };
		490E23082B25978D007B72E3 /* LivingMate_ios.xcdatamodel */ = {isa = PBXFileReference; lastKnownFileType = wrapper.xcdatamodel; path = LivingMate_ios.xcdatamodel; sourceTree = "<group>"; };
		490E230A2B25978D007B72E3 /* ContentView.swift */ = {isa = PBXFileReference; lastKnownFileType = sourcecode.swift; path = ContentView.swift; sourceTree = "<group>"; };
		490E230C2B25978E007B72E3 /* Assets.xcassets */ = {isa = PBXFileReference; lastKnownFileType = folder.assetcatalog; path = Assets.xcassets; sourceTree = "<group>"; };
		490E230E2B25978E007B72E3 /* LivingMate_ios.entitlements */ = {isa = PBXFileReference; lastKnownFileType = text.plist.entitlements; path = LivingMate_ios.entitlements; sourceTree = "<group>"; };
		490E23102B25978E007B72E3 /* Preview Assets.xcassets */ = {isa = PBXFileReference; lastKnownFileType = folder.assetcatalog; path = "Preview Assets.xcassets"; sourceTree = "<group>"; };
		490E23122B25978E007B72E3 /* Info.plist */ = {isa = PBXFileReference; lastKnownFileType = text.plist.xml; path = Info.plist; sourceTree = "<group>"; };
		490E23172B25978E007B72E3 /* LivingMate-iosTests.xctest */ = {isa = PBXFileReference; explicitFileType = wrapper.cfbundle; includeInIndex = 0; path = "LivingMate-iosTests.xctest"; sourceTree = BUILT_PRODUCTS_DIR; };
		490E231B2B25978E007B72E3 /* LivingMate_iosTests.swift */ = {isa = PBXFileReference; lastKnownFileType = sourcecode.swift; path = LivingMate_iosTests.swift; sourceTree = "<group>"; };
		490E23212B25978E007B72E3 /* LivingMate-iosUITests.xctest */ = {isa = PBXFileReference; explicitFileType = wrapper.cfbundle; includeInIndex = 0; path = "LivingMate-iosUITests.xctest"; sourceTree = BUILT_PRODUCTS_DIR; };
		490E23252B25978E007B72E3 /* LivingMate_iosUITests.swift */ = {isa = PBXFileReference; lastKnownFileType = sourcecode.swift; path = LivingMate_iosUITests.swift; sourceTree = "<group>"; };
		490E23272B25978E007B72E3 /* LivingMate_iosUITestsLaunchTests.swift */ = {isa = PBXFileReference; lastKnownFileType = sourcecode.swift; path = LivingMate_iosUITestsLaunchTests.swift; sourceTree = "<group>"; };
/* End PBXFileReference section */

/* Begin PBXFrameworksBuildPhase section */
		490E22FD2B25978D007B72E3 /* Frameworks */ = {
			isa = PBXFrameworksBuildPhase;
			buildActionMask = 2147483647;
			files = (
			);
			runOnlyForDeploymentPostprocessing = 0;
		};
		490E23142B25978E007B72E3 /* Frameworks */ = {
			isa = PBXFrameworksBuildPhase;
			buildActionMask = 2147483647;
			files = (
			);
			runOnlyForDeploymentPostprocessing = 0;
		};
		490E231E2B25978E007B72E3 /* Frameworks */ = {
			isa = PBXFrameworksBuildPhase;
			buildActionMask = 2147483647;
			files = (
			);
			runOnlyForDeploymentPostprocessing = 0;
		};
/* End PBXFrameworksBuildPhase section */

/* Begin PBXGroup section */
		490E22F72B25978D007B72E3 = {
			isa = PBXGroup;
			children = (
				490E23022B25978D007B72E3 /* LivingMate-ios */,
				490E231A2B25978E007B72E3 /* LivingMate-iosTests */,
				490E23242B25978E007B72E3 /* LivingMate-iosUITests */,
				490E23012B25978D007B72E3 /* Products */,
			);
			sourceTree = "<group>";
		};
		490E23012B25978D007B72E3 /* Products */ = {
			isa = PBXGroup;
			children = (
				490E23002B25978D007B72E3 /* LivingMate-ios.app */,
				490E23172B25978E007B72E3 /* LivingMate-iosTests.xctest */,
				490E23212B25978E007B72E3 /* LivingMate-iosUITests.xctest */,
			);
			name = Products;
			sourceTree = "<group>";
		};
		490E23022B25978D007B72E3 /* LivingMate-ios */ = {
			isa = PBXGroup;
			children = (
				490E23032B25978D007B72E3 /* LivingMate_iosApp.swift */,
				490E23052B25978D007B72E3 /* Persistence.swift */,
				490E230A2B25978D007B72E3 /* ContentView.swift */,
				490E230C2B25978E007B72E3 /* Assets.xcassets */,
				490E230E2B25978E007B72E3 /* LivingMate_ios.entitlements */,
				490E23122B25978E007B72E3 /* Info.plist */,
				490E23072B25978D007B72E3 /* LivingMate_ios.xcdatamodeld */,
				490E230F2B25978E007B72E3 /* Preview Content */,
			);
			path = "LivingMate-ios";
			sourceTree = "<group>";
		};
		490E230F2B25978E007B72E3 /* Preview Content */ = {
			isa = PBXGroup;
			children = (
				490E23102B25978E007B72E3 /* Preview Assets.xcassets */,
			);
			path = "Preview Content";
			sourceTree = "<group>";
		};
		490E231A2B25978E007B72E3 /* LivingMate-iosTests */ = {
			isa = PBXGroup;
			children = (
				490E231B2B25978E007B72E3 /* LivingMate_iosTests.swift */,
			);
			path = "LivingMate-iosTests";
			sourceTree = "<group>";
		};
		490E23242B25978E007B72E3 /* LivingMate-iosUITests */ = {
			isa = PBXGroup;
			children = (
				490E23252B25978E007B72E3 /* LivingMate_iosUITests.swift */,
				490E23272B25978E007B72E3 /* LivingMate_iosUITestsLaunchTests.swift */,
			);
			path = "LivingMate-iosUITests";
			sourceTree = "<group>";
		};
/* End PBXGroup section */

/* Begin PBXNativeTarget section */
		490E22FF2B25978D007B72E3 /* LivingMate-ios */ = {
			isa = PBXNativeTarget;
			buildConfigurationList = 490E232B2B25978E007B72E3 /* Build configuration list for PBXNativeTarget "LivingMate-ios" */;
			buildPhases = (
				490E22FC2B25978D007B72E3 /* Sources */,
				490E22FD2B25978D007B72E3 /* Frameworks */,
				490E22FE2B25978D007B72E3 /* Resources */,
			);
			buildRules = (
			);
			dependencies = (
			);
			name = "LivingMate-ios";
			productName = "LivingMate-ios";
			productReference = 490E23002B25978D007B72E3 /* LivingMate-ios.app */;
			productType = "com.apple.product-type.application";
		};
		490E23162B25978E007B72E3 /* LivingMate-iosTests */ = {
			isa = PBXNativeTarget;
			buildConfigurationList = 490E232E2B25978E007B72E3 /* Build configuration list for PBXNativeTarget "LivingMate-iosTests" */;
			buildPhases = (
				490E23132B25978E007B72E3 /* Sources */,
				490E23142B25978E007B72E3 /* Frameworks */,
				490E23152B25978E007B72E3 /* Resources */,
			);
			buildRules = (
			);
			dependencies = (
				490E23192B25978E007B72E3 /* PBXTargetDependency */,
			);
			name = "LivingMate-iosTests";
			productName = "LivingMate-iosTests";
			productReference = 490E23172B25978E007B72E3 /* LivingMate-iosTests.xctest */;
			productType = "com.apple.product-type.bundle.unit-test";
		};
		490E23202B25978E007B72E3 /* LivingMate-iosUITests */ = {
			isa = PBXNativeTarget;
			buildConfigurationList = 490E23312B25978E007B72E3 /* Build configuration list for PBXNativeTarget "LivingMate-iosUITests" */;
			buildPhases = (
				490E231D2B25978E007B72E3 /* Sources */,
				490E231E2B25978E007B72E3 /* Frameworks */,
				490E231F2B25978E007B72E3 /* Resources */,
			);
			buildRules = (
			);
			dependencies = (
				490E23232B25978E007B72E3 /* PBXTargetDependency */,
			);
			name = "LivingMate-iosUITests";
			productName = "LivingMate-iosUITests";
			productReference = 490E23212B25978E007B72E3 /* LivingMate-iosUITests.xctest */;
			productType = "com.apple.product-type.bundle.ui-testing";
		};
/* End PBXNativeTarget section */

/* Begin PBXProject section */
		490E22F82B25978D007B72E3 /* Project object */ = {
			isa = PBXProject;
			attributes = {
				BuildIndependentTargetsInParallel = 1;
				LastSwiftUpdateCheck = 1500;
				LastUpgradeCheck = 1500;
				TargetAttributes = {
					490E22FF2B25978D007B72E3 = {
						CreatedOnToolsVersion = 15.0.1;
					};
					490E23162B25978E007B72E3 = {
						CreatedOnToolsVersion = 15.0.1;
						TestTargetID = 490E22FF2B25978D007B72E3;
					};
					490E23202B25978E007B72E3 = {
						CreatedOnToolsVersion = 15.0.1;
						TestTargetID = 490E22FF2B25978D007B72E3;
					};
				};
			};
			buildConfigurationList = 490E22FB2B25978D007B72E3 /* Build configuration list for PBXProject "LivingMate-ios" */;
			compatibilityVersion = "Xcode 14.0";
			developmentRegion = en;
			hasScannedForEncodings = 0;
			knownRegions = (
				en,
				Base,
			);
			mainGroup = 490E22F72B25978D007B72E3;
			productRefGroup = 490E23012B25978D007B72E3 /* Products */;
			projectDirPath = "";
			projectRoot = "";
			targets = (
				490E22FF2B25978D007B72E3 /* LivingMate-ios */,
				490E23162B25978E007B72E3 /* LivingMate-iosTests */,
				490E23202B25978E007B72E3 /* LivingMate-iosUITests */,
			);
		};
/* End PBXProject section */

/* Begin PBXResourcesBuildPhase section */
		490E22FE2B25978D007B72E3 /* Resources */ = {
			isa = PBXResourcesBuildPhase;
			buildActionMask = 2147483647;
			files = (
				490E23112B25978E007B72E3 /* Preview Assets.xcassets in Resources */,
				490E230D2B25978E007B72E3 /* Assets.xcassets in Resources */,
			);
			runOnlyForDeploymentPostprocessing = 0;
		};
		490E23152B25978E007B72E3 /* Resources */ = {
			isa = PBXResourcesBuildPhase;
			buildActionMask = 2147483647;
			files = (
			);
			runOnlyForDeploymentPostprocessing = 0;
		};
		490E231F2B25978E007B72E3 /* Resources */ = {
			isa = PBXResourcesBuildPhase;
			buildActionMask = 2147483647;
			files = (
			);
			runOnlyForDeploymentPostprocessing = 0;
		};
/* End PBXResourcesBuildPhase section */

/* Begin PBXSourcesBuildPhase section */
		490E22FC2B25978D007B72E3 /* Sources */ = {
			isa = PBXSourcesBuildPhase;
			buildActionMask = 2147483647;
			files = (
				490E23042B25978D007B72E3 /* LivingMate_iosApp.swift in Sources */,
				490E23062B25978D007B72E3 /* Persistence.swift in Sources */,
				490E230B2B25978D007B72E3 /* ContentView.swift in Sources */,
				490E23092B25978D007B72E3 /* LivingMate_ios.xcdatamodeld in Sources */,
			);
			runOnlyForDeploymentPostprocessing = 0;
		};
		490E23132B25978E007B72E3 /* Sources */ = {
			isa = PBXSourcesBuildPhase;
			buildActionMask = 2147483647;
			files = (
				490E231C2B25978E007B72E3 /* LivingMate_iosTests.swift in Sources */,
			);
			runOnlyForDeploymentPostprocessing = 0;
		};
		490E231D2B25978E007B72E3 /* Sources */ = {
			isa = PBXSourcesBuildPhase;
			buildActionMask = 2147483647;
			files = (
				490E23282B25978E007B72E3 /* LivingMate_iosUITestsLaunchTests.swift in Sources */,
				490E23262B25978E007B72E3 /* LivingMate_iosUITests.swift in Sources */,
			);
			runOnlyForDeploymentPostprocessing = 0;
		};
/* End PBXSourcesBuildPhase section */

/* Begin PBXTargetDependency section */
		490E23192B25978E007B72E3 /* PBXTargetDependency */ = {
			isa = PBXTargetDependency;
			target = 490E22FF2B25978D007B72E3 /* LivingMate-ios */;
			targetProxy = 490E23182B25978E007B72E3 /* PBXContainerItemProxy */;
		};
		490E23232B25978E007B72E3 /* PBXTargetDependency */ = {
			isa = PBXTargetDependency;
			target = 490E22FF2B25978D007B72E3 /* LivingMate-ios */;
			targetProxy = 490E23222B25978E007B72E3 /* PBXContainerItemProxy */;
		};
/* End PBXTargetDependency section */

/* Begin XCBuildConfiguration section */
		490E23292B25978E007B72E3 /* Debug */ = {
			isa = XCBuildConfiguration;
			buildSettings = {
				ALWAYS_SEARCH_USER_PATHS = NO;
				ASSETCATALOG_COMPILER_GENERATE_SWIFT_ASSET_SYMBOL_EXTENSIONS = YES;
				CLANG_ANALYZER_NONNULL = YES;
				CLANG_ANALYZER_NUMBER_OBJECT_CONVERSION = YES_AGGRESSIVE;
				CLANG_CXX_LANGUAGE_STANDARD = "gnu++20";
				CLANG_ENABLE_MODULES = YES;
				CLANG_ENABLE_OBJC_ARC = YES;
				CLANG_ENABLE_OBJC_WEAK = YES;
				CLANG_WARN_BLOCK_CAPTURE_AUTORELEASING = YES;
				CLANG_WARN_BOOL_CONVERSION = YES;
				CLANG_WARN_COMMA = YES;
				CLANG_WARN_CONSTANT_CONVERSION = YES;
				CLANG_WARN_DEPRECATED_OBJC_IMPLEMENTATIONS = YES;
				CLANG_WARN_DIRECT_OBJC_ISA_USAGE = YES_ERROR;
				CLANG_WARN_DOCUMENTATION_COMMENTS = YES;
				CLANG_WARN_EMPTY_BODY = YES;
				CLANG_WARN_ENUM_CONVERSION = YES;
				CLANG_WARN_INFINITE_RECURSION = YES;
				CLANG_WARN_INT_CONVERSION = YES;
				CLANG_WARN_NON_LITERAL_NULL_CONVERSION = YES;
				CLANG_WARN_OBJC_IMPLICIT_RETAIN_SELF = YES;
				CLANG_WARN_OBJC_LITERAL_CONVERSION = YES;
				CLANG_WARN_OBJC_ROOT_CLASS = YES_ERROR;
				CLANG_WARN_QUOTED_INCLUDE_IN_FRAMEWORK_HEADER = YES;
				CLANG_WARN_RANGE_LOOP_ANALYSIS = YES;
				CLANG_WARN_STRICT_PROTOTYPES = YES;
				CLANG_WARN_SUSPICIOUS_MOVE = YES;
				CLANG_WARN_UNGUARDED_AVAILABILITY = YES_AGGRESSIVE;
				CLANG_WARN_UNREACHABLE_CODE = YES;
				CLANG_WARN__DUPLICATE_METHOD_MATCH = YES;
				COPY_PHASE_STRIP = NO;
				DEBUG_INFORMATION_FORMAT = dwarf;
				ENABLE_STRICT_OBJC_MSGSEND = YES;
				ENABLE_TESTABILITY = YES;
				ENABLE_USER_SCRIPT_SANDBOXING = YES;
				GCC_C_LANGUAGE_STANDARD = gnu17;
				GCC_DYNAMIC_NO_PIC = NO;
				GCC_NO_COMMON_BLOCKS = YES;
				GCC_OPTIMIZATION_LEVEL = 0;
				GCC_PREPROCESSOR_DEFINITIONS = (
					"DEBUG=1",
					"$(inherited)",
				);
				GCC_WARN_64_TO_32_BIT_CONVERSION = YES;
				GCC_WARN_ABOUT_RETURN_TYPE = YES_ERROR;
				GCC_WARN_UNDECLARED_SELECTOR = YES;
				GCC_WARN_UNINITIALIZED_AUTOS = YES_AGGRESSIVE;
				GCC_WARN_UNUSED_FUNCTION = YES;
				GCC_WARN_UNUSED_VARIABLE = YES;
				LOCALIZATION_PREFERS_STRING_CATALOGS = YES;
				MTL_ENABLE_DEBUG_INFO = INCLUDE_SOURCE;
				MTL_FAST_MATH = YES;
				ONLY_ACTIVE_ARCH = YES;
				SWIFT_ACTIVE_COMPILATION_CONDITIONS = "DEBUG $(inherited)";
				SWIFT_OPTIMIZATION_LEVEL = "-Onone";
			};
			name = Debug;
		};
		490E232A2B25978E007B72E3 /* Release */ = {
			isa = XCBuildConfiguration;
			buildSettings = {
				ALWAYS_SEARCH_USER_PATHS = NO;
				ASSETCATALOG_COMPILER_GENERATE_SWIFT_ASSET_SYMBOL_EXTENSIONS = YES;
				CLANG_ANALYZER_NONNULL = YES;
				CLANG_ANALYZER_NUMBER_OBJECT_CONVERSION = YES_AGGRESSIVE;
				CLANG_CXX_LANGUAGE_STANDARD = "gnu++20";
				CLANG_ENABLE_MODULES = YES;
				CLANG_ENABLE_OBJC_ARC = YES;
				CLANG_ENABLE_OBJC_WEAK = YES;
				CLANG_WARN_BLOCK_CAPTURE_AUTORELEASING = YES;
				CLANG_WARN_BOOL_CONVERSION = YES;
				CLANG_WARN_COMMA = YES;
				CLANG_WARN_CONSTANT_CONVERSION = YES;
				CLANG_WARN_DEPRECATED_OBJC_IMPLEMENTATIONS = YES;
				CLANG_WARN_DIRECT_OBJC_ISA_USAGE = YES_ERROR;
				CLANG_WARN_DOCUMENTATION_COMMENTS = YES;
				CLANG_WARN_EMPTY_BODY = YES;
				CLANG_WARN_ENUM_CONVERSION = YES;
				CLANG_WARN_INFINITE_RECURSION = YES;
				CLANG_WARN_INT_CONVERSION = YES;
				CLANG_WARN_NON_LITERAL_NULL_CONVERSION = YES;
				CLANG_WARN_OBJC_IMPLICIT_RETAIN_SELF = YES;
				CLANG_WARN_OBJC_LITERAL_CONVERSION = YES;
				CLANG_WARN_OBJC_ROOT_CLASS = YES_ERROR;
				CLANG_WARN_QUOTED_INCLUDE_IN_FRAMEWORK_HEADER = YES;
				CLANG_WARN_RANGE_LOOP_ANALYSIS = YES;
				CLANG_WARN_STRICT_PROTOTYPES = YES;
				CLANG_WARN_SUSPICIOUS_MOVE = YES;
				CLANG_WARN_UNGUARDED_AVAILABILITY = YES_AGGRESSIVE;
				CLANG_WARN_UNREACHABLE_CODE = YES;
				CLANG_WARN__DUPLICATE_METHOD_MATCH = YES;
				COPY_PHASE_STRIP = NO;
				DEBUG_INFORMATION_FORMAT = "dwarf-with-dsym";
				ENABLE_NS_ASSERTIONS = NO;
				ENABLE_STRICT_OBJC_MSGSEND = YES;
				ENABLE_USER_SCRIPT_SANDBOXING = YES;
				GCC_C_LANGUAGE_STANDARD = gnu17;
				GCC_NO_COMMON_BLOCKS = YES;
				GCC_WARN_64_TO_32_BIT_CONVERSION = YES;
				GCC_WARN_ABOUT_RETURN_TYPE = YES_ERROR;
				GCC_WARN_UNDECLARED_SELECTOR = YES;
				GCC_WARN_UNINITIALIZED_AUTOS = YES_AGGRESSIVE;
				GCC_WARN_UNUSED_FUNCTION = YES;
				GCC_WARN_UNUSED_VARIABLE = YES;
				LOCALIZATION_PREFERS_STRING_CATALOGS = YES;
				MTL_ENABLE_DEBUG_INFO = NO;
				MTL_FAST_MATH = YES;
				SWIFT_COMPILATION_MODE = wholemodule;
			};
			name = Release;
		};
		490E232C2B25978E007B72E3 /* Debug */ = {
			isa = XCBuildConfiguration;
			buildSettings = {
				ASSETCATALOG_COMPILER_APPICON_NAME = AppIcon;
				ASSETCATALOG_COMPILER_GLOBAL_ACCENT_COLOR_NAME = AccentColor;
				CODE_SIGN_ENTITLEMENTS = "LivingMate-ios/LivingMate_ios.entitlements";
				CODE_SIGN_STYLE = Automatic;
				CURRENT_PROJECT_VERSION = 1;
				DEVELOPMENT_ASSET_PATHS = "\"LivingMate-ios/Preview Content\"";
				ENABLE_PREVIEWS = YES;
				GENERATE_INFOPLIST_FILE = YES;
				INFOPLIST_FILE = "LivingMate-ios/Info.plist";
				"INFOPLIST_KEY_UIApplicationSceneManifest_Generation[sdk=iphoneos*]" = YES;
				"INFOPLIST_KEY_UIApplicationSceneManifest_Generation[sdk=iphonesimulator*]" = YES;
				"INFOPLIST_KEY_UIApplicationSupportsIndirectInputEvents[sdk=iphoneos*]" = YES;
				"INFOPLIST_KEY_UIApplicationSupportsIndirectInputEvents[sdk=iphonesimulator*]" = YES;
				"INFOPLIST_KEY_UILaunchScreen_Generation[sdk=iphoneos*]" = YES;
				"INFOPLIST_KEY_UILaunchScreen_Generation[sdk=iphonesimulator*]" = YES;
				"INFOPLIST_KEY_UIStatusBarStyle[sdk=iphoneos*]" = UIStatusBarStyleDefault;
				"INFOPLIST_KEY_UIStatusBarStyle[sdk=iphonesimulator*]" = UIStatusBarStyleDefault;
				INFOPLIST_KEY_UISupportedInterfaceOrientations_iPad = "UIInterfaceOrientationPortrait UIInterfaceOrientationPortraitUpsideDown UIInterfaceOrientationLandscapeLeft UIInterfaceOrientationLandscapeRight";
				INFOPLIST_KEY_UISupportedInterfaceOrientations_iPhone = "UIInterfaceOrientationPortrait UIInterfaceOrientationLandscapeLeft UIInterfaceOrientationLandscapeRight";
				IPHONEOS_DEPLOYMENT_TARGET = 17.0;
				LD_RUNPATH_SEARCH_PATHS = "@executable_path/Frameworks";
				"LD_RUNPATH_SEARCH_PATHS[sdk=macosx*]" = "@executable_path/../Frameworks";
				MACOSX_DEPLOYMENT_TARGET = 14.0;
				MARKETING_VERSION = 1.0;
				PRODUCT_BUNDLE_IDENTIFIER = "com.TeamLivingMate.LivingMate-ios";
				PRODUCT_NAME = "$(TARGET_NAME)";
				SDKROOT = auto;
				SUPPORTED_PLATFORMS = "iphoneos iphonesimulator macosx";
				SWIFT_EMIT_LOC_STRINGS = YES;
				SWIFT_VERSION = 5.0;
				TARGETED_DEVICE_FAMILY = "1,2";
			};
			name = Debug;
		};
		490E232D2B25978E007B72E3 /* Release */ = {
			isa = XCBuildConfiguration;
			buildSettings = {
				ASSETCATALOG_COMPILER_APPICON_NAME = AppIcon;
				ASSETCATALOG_COMPILER_GLOBAL_ACCENT_COLOR_NAME = AccentColor;
				CODE_SIGN_ENTITLEMENTS = "LivingMate-ios/LivingMate_ios.entitlements";
				CODE_SIGN_STYLE = Automatic;
				CURRENT_PROJECT_VERSION = 1;
				DEVELOPMENT_ASSET_PATHS = "\"LivingMate-ios/Preview Content\"";
				ENABLE_PREVIEWS = YES;
				GENERATE_INFOPLIST_FILE = YES;
				INFOPLIST_FILE = "LivingMate-ios/Info.plist";
				"INFOPLIST_KEY_UIApplicationSceneManifest_Generation[sdk=iphoneos*]" = YES;
				"INFOPLIST_KEY_UIApplicationSceneManifest_Generation[sdk=iphonesimulator*]" = YES;
				"INFOPLIST_KEY_UIApplicationSupportsIndirectInputEvents[sdk=iphoneos*]" = YES;
				"INFOPLIST_KEY_UIApplicationSupportsIndirectInputEvents[sdk=iphonesimulator*]" = YES;
				"INFOPLIST_KEY_UILaunchScreen_Generation[sdk=iphoneos*]" = YES;
				"INFOPLIST_KEY_UILaunchScreen_Generation[sdk=iphonesimulator*]" = YES;
				"INFOPLIST_KEY_UIStatusBarStyle[sdk=iphoneos*]" = UIStatusBarStyleDefault;
				"INFOPLIST_KEY_UIStatusBarStyle[sdk=iphonesimulator*]" = UIStatusBarStyleDefault;
				INFOPLIST_KEY_UISupportedInterfaceOrientations_iPad = "UIInterfaceOrientationPortrait UIInterfaceOrientationPortraitUpsideDown UIInterfaceOrientationLandscapeLeft UIInterfaceOrientationLandscapeRight";
				INFOPLIST_KEY_UISupportedInterfaceOrientations_iPhone = "UIInterfaceOrientationPortrait UIInterfaceOrientationLandscapeLeft UIInterfaceOrientationLandscapeRight";
				IPHONEOS_DEPLOYMENT_TARGET = 17.0;
				LD_RUNPATH_SEARCH_PATHS = "@executable_path/Frameworks";
				"LD_RUNPATH_SEARCH_PATHS[sdk=macosx*]" = "@executable_path/../Frameworks";
				MACOSX_DEPLOYMENT_TARGET = 14.0;
				MARKETING_VERSION = 1.0;
				PRODUCT_BUNDLE_IDENTIFIER = "com.TeamLivingMate.LivingMate-ios";
				PRODUCT_NAME = "$(TARGET_NAME)";
				SDKROOT = auto;
				SUPPORTED_PLATFORMS = "iphoneos iphonesimulator macosx";
				SWIFT_EMIT_LOC_STRINGS = YES;
				SWIFT_VERSION = 5.0;
				TARGETED_DEVICE_FAMILY = "1,2";
			};
			name = Release;
		};
		490E232F2B25978E007B72E3 /* Debug */ = {
			isa = XCBuildConfiguration;
			buildSettings = {
				ALWAYS_EMBED_SWIFT_STANDARD_LIBRARIES = YES;
				BUNDLE_LOADER = "$(TEST_HOST)";
				CODE_SIGN_STYLE = Automatic;
				CURRENT_PROJECT_VERSION = 1;
				GENERATE_INFOPLIST_FILE = YES;
				IPHONEOS_DEPLOYMENT_TARGET = 17.0;
				MACOSX_DEPLOYMENT_TARGET = 14.0;
				MARKETING_VERSION = 1.0;
				PRODUCT_BUNDLE_IDENTIFIER = "com.TeamLivingMate.LivingMate-iosTests";
				PRODUCT_NAME = "$(TARGET_NAME)";
				SDKROOT = auto;
				SUPPORTED_PLATFORMS = "iphoneos iphonesimulator macosx";
				SWIFT_EMIT_LOC_STRINGS = NO;
				SWIFT_VERSION = 5.0;
				TARGETED_DEVICE_FAMILY = "1,2";
				TEST_HOST = "$(BUILT_PRODUCTS_DIR)/LivingMate-ios.app/$(BUNDLE_EXECUTABLE_FOLDER_PATH)/LivingMate-ios";
			};
			name = Debug;
		};
		490E23302B25978E007B72E3 /* Release */ = {
			isa = XCBuildConfiguration;
			buildSettings = {
				ALWAYS_EMBED_SWIFT_STANDARD_LIBRARIES = YES;
				BUNDLE_LOADER = "$(TEST_HOST)";
				CODE_SIGN_STYLE = Automatic;
				CURRENT_PROJECT_VERSION = 1;
				GENERATE_INFOPLIST_FILE = YES;
				IPHONEOS_DEPLOYMENT_TARGET = 17.0;
				MACOSX_DEPLOYMENT_TARGET = 14.0;
				MARKETING_VERSION = 1.0;
				PRODUCT_BUNDLE_IDENTIFIER = "com.TeamLivingMate.LivingMate-iosTests";
				PRODUCT_NAME = "$(TARGET_NAME)";
				SDKROOT = auto;
				SUPPORTED_PLATFORMS = "iphoneos iphonesimulator macosx";
				SWIFT_EMIT_LOC_STRINGS = NO;
				SWIFT_VERSION = 5.0;
				TARGETED_DEVICE_FAMILY = "1,2";
				TEST_HOST = "$(BUILT_PRODUCTS_DIR)/LivingMate-ios.app/$(BUNDLE_EXECUTABLE_FOLDER_PATH)/LivingMate-ios";
			};
			name = Release;
		};
		490E23322B25978E007B72E3 /* Debug */ = {
			isa = XCBuildConfiguration;
			buildSettings = {
				ALWAYS_EMBED_SWIFT_STANDARD_LIBRARIES = YES;
				CODE_SIGN_STYLE = Automatic;
				CURRENT_PROJECT_VERSION = 1;
				GENERATE_INFOPLIST_FILE = YES;
				IPHONEOS_DEPLOYMENT_TARGET = 17.0;
				MACOSX_DEPLOYMENT_TARGET = 14.0;
				MARKETING_VERSION = 1.0;
				PRODUCT_BUNDLE_IDENTIFIER = "com.TeamLivingMate.LivingMate-iosUITests";
				PRODUCT_NAME = "$(TARGET_NAME)";
				SDKROOT = auto;
				SUPPORTED_PLATFORMS = "iphoneos iphonesimulator macosx";
				SWIFT_EMIT_LOC_STRINGS = NO;
				SWIFT_VERSION = 5.0;
				TARGETED_DEVICE_FAMILY = "1,2";
				TEST_TARGET_NAME = "LivingMate-ios";
			};
			name = Debug;
		};
		490E23332B25978E007B72E3 /* Release */ = {
			isa = XCBuildConfiguration;
			buildSettings = {
				ALWAYS_EMBED_SWIFT_STANDARD_LIBRARIES = YES;
				CODE_SIGN_STYLE = Automatic;
				CURRENT_PROJECT_VERSION = 1;
				GENERATE_INFOPLIST_FILE = YES;
				IPHONEOS_DEPLOYMENT_TARGET = 17.0;
				MACOSX_DEPLOYMENT_TARGET = 14.0;
				MARKETING_VERSION = 1.0;
				PRODUCT_BUNDLE_IDENTIFIER = "com.TeamLivingMate.LivingMate-iosUITests";
				PRODUCT_NAME = "$(TARGET_NAME)";
				SDKROOT = auto;
				SUPPORTED_PLATFORMS = "iphoneos iphonesimulator macosx";
				SWIFT_EMIT_LOC_STRINGS = NO;
				SWIFT_VERSION = 5.0;
				TARGETED_DEVICE_FAMILY = "1,2";
				TEST_TARGET_NAME = "LivingMate-ios";
			};
			name = Release;
		};
/* End XCBuildConfiguration section */

/* Begin XCConfigurationList section */
		490E22FB2B25978D007B72E3 /* Build configuration list for PBXProject "LivingMate-ios" */ = {
			isa = XCConfigurationList;
			buildConfigurations = (
				490E23292B25978E007B72E3 /* Debug */,
				490E232A2B25978E007B72E3 /* Release */,
			);
			defaultConfigurationIsVisible = 0;
			defaultConfigurationName = Release;
		};
		490E232B2B25978E007B72E3 /* Build configuration list for PBXNativeTarget "LivingMate-ios" */ = {
			isa = XCConfigurationList;
			buildConfigurations = (
				490E232C2B25978E007B72E3 /* Debug */,
				490E232D2B25978E007B72E3 /* Release */,
			);
			defaultConfigurationIsVisible = 0;
			defaultConfigurationName = Release;
		};
		490E232E2B25978E007B72E3 /* Build configuration list for PBXNativeTarget "LivingMate-iosTests" */ = {
			isa = XCConfigurationList;
			buildConfigurations = (
				490E232F2B25978E007B72E3 /* Debug */,
				490E23302B25978E007B72E3 /* Release */,
			);
			defaultConfigurationIsVisible = 0;
			defaultConfigurationName = Release;
		};
		490E23312B25978E007B72E3 /* Build configuration list for PBXNativeTarget "LivingMate-iosUITests" */ = {
			isa = XCConfigurationList;
			buildConfigurations = (
				490E23322B25978E007B72E3 /* Debug */,
				490E23332B25978E007B72E3 /* Release */,
			);
			defaultConfigurationIsVisible = 0;
			defaultConfigurationName = Release;
		};
/* End XCConfigurationList section */

/* Begin XCVersionGroup section */
		490E23072B25978D007B72E3 /* LivingMate_ios.xcdatamodeld */ = {
			isa = XCVersionGroup;
			children = (
				490E23082B25978D007B72E3 /* LivingMate_ios.xcdatamodel */,
			);
			currentVersion = 490E23082B25978D007B72E3 /* LivingMate_ios.xcdatamodel */;
			path = LivingMate_ios.xcdatamodeld;
			sourceTree = "<group>";
			versionGroupType = wrapper.xcdatamodel;
		};
/* End XCVersionGroup section */
	};
	rootObject = 490E22F82B25978D007B72E3 /* Project object */;
}
